
Microsoft Visual Studio Solution File, Format Version 12.00
# Visual Studio Version 17
VisualStudioVersion = 17.6.33829.357
MinimumVisualStudioVersion = 10.0.40219.1
Project("{FAE04EC0-301F-11D3-BF4B-00C04F79EFBC}") = "Dominio", "Dominio\Dominio.csproj", "{A84DE11A-46F8-4633-8B94-DE56D254DA68}"
EndProject
Project("{FAE04EC0-301F-11D3-BF4B-00C04F79EFBC}") = "Negocio", "Negocio\Negocio.csproj", "{7E955314-3406-4FF1-B730-62DC305201E7}"
EndProject
Project("{FAE04EC0-301F-11D3-BF4B-00C04F79EFBC}") = "WinForm-App", "WinForm-App\WinForm-App.csproj", "{B74831FB-8490-4CB1-B6F6-E3185705A3EE}"
EndProject
Project("{FAE04EC0-301F-11D3-BF4B-00C04F79EFBC}") = "DAO", "DAO\DAO.csproj", "{9D4F8B20-AFF2-45E9-B94D-5AC24771B63A}"
EndProject
Global
	GlobalSection(SolutionConfigurationPlatforms) = preSolution
		Debug|Any CPU = Debug|Any CPU
		Release|Any CPU = Release|Any CPU
	EndGlobalSection
	GlobalSection(ProjectConfigurationPlatforms) = postSolution
		{A84DE11A-46F8-4633-8B94-DE56D254DA68}.Debug|Any CPU.ActiveCfg = Debug|Any CPU
		{A84DE11A-46F8-4633-8B94-DE56D254DA68}.Debug|Any CPU.Build.0 = Debug|Any CPU
		{A84DE11A-46F8-4633-8B94-DE56D254DA68}.Release|Any CPU.ActiveCfg = Release|Any CPU
		{A84DE11A-46F8-4633-8B94-DE56D254DA68}.Release|Any CPU.Build.0 = Release|Any CPU
		{7E955314-3406-4FF1-B730-62DC305201E7}.Debug|Any CPU.ActiveCfg = Debug|Any CPU
		{7E955314-3406-4FF1-B730-62DC305201E7}.Debug|Any CPU.Build.0 = Debug|Any CPU
		{7E955314-3406-4FF1-B730-62DC305201E7}.Release|Any CPU.ActiveCfg = Release|Any CPU
		{7E955314-3406-4FF1-B730-62DC305201E7}.Release|Any CPU.Build.0 = Release|Any CPU
		{B74831FB-8490-4CB1-B6F6-E3185705A3EE}.Debug|Any CPU.ActiveCfg = Debug|Any CPU
		{B74831FB-8490-4CB1-B6F6-E3185705A3EE}.Debug|Any CPU.Build.0 = Debug|Any CPU
		{B74831FB-8490-4CB1-B6F6-E3185705A3EE}.Release|Any CPU.ActiveCfg = Release|Any CPU
		{B74831FB-8490-4CB1-B6F6-E3185705A3EE}.Release|Any CPU.Build.0 = Release|Any CPU
		{9D4F8B20-AFF2-45E9-B94D-5AC24771B63A}.Debug|Any CPU.ActiveCfg = Debug|Any CPU
		{9D4F8B20-AFF2-45E9-B94D-5AC24771B63A}.Debug|Any CPU.Build.0 = Debug|Any CPU
		{9D4F8B20-AFF2-45E9-B94D-5AC24771B63A}.Release|Any CPU.ActiveCfg = Release|Any CPU
		{9D4F8B20-AFF2-45E9-B94D-5AC24771B63A}.Release|Any CPU.Build.0 = Release|Any CPU
	EndGlobalSection
	GlobalSection(SolutionProperties) = preSolution
		HideSolutionNode = FALSE
	EndGlobalSection
	GlobalSection(ExtensibilityGlobals) = postSolution
		SolutionGuid = {0CE6B15A-8C9E-4EA0-868F-FFC5C23FE798}
	EndGlobalSection
EndGlobal
